
Microsoft Visual Studio Solution File, Format Version 12.00
# Visual Studio Version 16
VisualStudioVersion = 16.0.30611.23
MinimumVisualStudioVersion = 15.0.26124.0
Project("{6EC3EE1D-3C4E-46DD-8F32-0CC8E7565705}") = "Splorr.Kibbutz", "Splorr.Kibbutz\Splorr.Kibbutz.fsproj", "{6088D045-8BE2-4792-8075-9E74A08CA621}"
EndProject
Project("{6EC3EE1D-3C4E-46DD-8F32-0CC8E7565705}") = "Splorr.Kibbutz.Tests", "Splorr.Kibbutz.Tests\Splorr.Kibbutz.Tests.fsproj", "{4B4838E3-FFC4-4C77-90B0-BFD04CC34C54}"
EndProject
Project("{6EC3EE1D-3C4E-46DD-8F32-0CC8E7565705}") = "Splorr.Common", "Splorr.Common\Splorr.Common.fsproj", "{8C60ACF4-D439-44C1-954C-8692283F6943}"
EndProject
Project("{6EC3EE1D-3C4E-46DD-8F32-0CC8E7565705}") = "Splorr.Tests.Common", "Splorr.Tests.Common\Splorr.Tests.Common.fsproj", "{BF4830FB-CFDB-44E9-8BBA-772621A0115A}"
EndProject
Project("{6EC3EE1D-3C4E-46DD-8F32-0CC8E7565705}") = "Splorr.Kibbutz.Presentation", "Splorr.Kibbutz.Presentation\Splorr.Kibbutz.Presentation.fsproj", "{05A858F9-DBBC-4203-A8BC-FFEE25A5792F}"
EndProject
Project("{6EC3EE1D-3C4E-46DD-8F32-0CC8E7565705}") = "Splorr.Kibbutz.Presentation.Tests", "Splorr.Kibbutz.Presentation.Tests\Splorr.Kibbutz.Presentation.Tests.fsproj", "{F4D292FB-CB54-428A-9302-08150329A76E}"
EndProject
Project("{6EC3EE1D-3C4E-46DD-8F32-0CC8E7565705}") = "Splorr.Kibbutz.Business", "Splorr.Kibbutz.Business\Splorr.Kibbutz.Business.fsproj", "{2F6283EF-4761-4BE3-B145-0F2B4188AF95}"
EndProject
Project("{6EC3EE1D-3C4E-46DD-8F32-0CC8E7565705}") = "Splorr.Kibbutz.Business.Tests", "Splorr.Kibbutz.Business.Tests\Splorr.Kibbutz.Business.Tests.fsproj", "{D8F19233-1C2C-4DDD-9387-2E207249BFB0}"
EndProject
Project("{6EC3EE1D-3C4E-46DD-8F32-0CC8E7565705}") = "Splorr.Kibbutz.Persistence", "Splorr.Kibbutz.Persistence\Splorr.Kibbutz.Persistence.fsproj", "{395DC94E-8349-4072-B8A4-49C3B81912A5}"
EndProject
Project("{6EC3EE1D-3C4E-46DD-8F32-0CC8E7565705}") = "Splorr.Kibbutz.Persistence.Tests", "Splorr.Kibbutz.Persistence.Tests\Splorr.Kibbutz.Persistence.Tests.fsproj", "{2FE6746B-7AFB-496C-A379-FA4C339E17EF}"
EndProject
Project("{6EC3EE1D-3C4E-46DD-8F32-0CC8E7565705}") = "Splorr.Kibbutz.Model", "Splorr.Kibbutz.Model\Splorr.Kibbutz.Model.fsproj", "{C05F3858-A2FD-4C87-B70A-FA5F903D9EFF}"
EndProject
Project("{6EC3EE1D-3C4E-46DD-8F32-0CC8E7565705}") = "Splorr.Common.Tests", "Splorr.Common.Tests\Splorr.Common.Tests.fsproj", "{A461DF17-35D3-4CBB-A489-185AA2F32C2E}"
EndProject
Project("{6EC3EE1D-3C4E-46DD-8F32-0CC8E7565705}") = "Splorr.Kibbutz.MonoGame", "Splorr.Kibbutz.MonoGame\Splorr.Kibbutz.MonoGame.fsproj", "{27CA6879-3B31-4383-8E53-BEE210FBC4D2}"
EndProject
Project("{F2A71F9B-5D33-465A-A702-920D77279786}") = "Splorr.Kibbutz.CommandParser", "Splorr.Kibbutz.CommandParser\Splorr.Kibbutz.CommandParser.fsproj", "{E95F7DE5-32ED-42EA-9DEF-7E9CC9354075}"
EndProject
Project("{F2A71F9B-5D33-465A-A702-920D77279786}") = "Splorr.Kibbutz.CommandParser.Tests", "Splorr.Kibbutz.CommandParser.Tests\Splorr.Kibbutz.CommandParser.Tests.fsproj", "{C1E5FAA0-2586-434E-9061-C719F20901CD}"
EndProject
Global
	GlobalSection(SolutionConfigurationPlatforms) = preSolution
		Debug|Any CPU = Debug|Any CPU
		Debug|x64 = Debug|x64
		Debug|x86 = Debug|x86
		Release|Any CPU = Release|Any CPU
		Release|x64 = Release|x64
		Release|x86 = Release|x86
	EndGlobalSection
	GlobalSection(ProjectConfigurationPlatforms) = postSolution
		{6088D045-8BE2-4792-8075-9E74A08CA621}.Debug|Any CPU.ActiveCfg = Debug|Any CPU
		{6088D045-8BE2-4792-8075-9E74A08CA621}.Debug|Any CPU.Build.0 = Debug|Any CPU
		{6088D045-8BE2-4792-8075-9E74A08CA621}.Debug|x64.ActiveCfg = Debug|Any CPU
		{6088D045-8BE2-4792-8075-9E74A08CA621}.Debug|x64.Build.0 = Debug|Any CPU
		{6088D045-8BE2-4792-8075-9E74A08CA621}.Debug|x86.ActiveCfg = Debug|Any CPU
		{6088D045-8BE2-4792-8075-9E74A08CA621}.Debug|x86.Build.0 = Debug|Any CPU
		{6088D045-8BE2-4792-8075-9E74A08CA621}.Release|Any CPU.ActiveCfg = Release|Any CPU
		{6088D045-8BE2-4792-8075-9E74A08CA621}.Release|Any CPU.Build.0 = Release|Any CPU
		{6088D045-8BE2-4792-8075-9E74A08CA621}.Release|x64.ActiveCfg = Release|Any CPU
		{6088D045-8BE2-4792-8075-9E74A08CA621}.Release|x64.Build.0 = Release|Any CPU
		{6088D045-8BE2-4792-8075-9E74A08CA621}.Release|x86.ActiveCfg = Release|Any CPU
		{6088D045-8BE2-4792-8075-9E74A08CA621}.Release|x86.Build.0 = Release|Any CPU
		{4B4838E3-FFC4-4C77-90B0-BFD04CC34C54}.Debug|Any CPU.ActiveCfg = Debug|Any CPU
		{4B4838E3-FFC4-4C77-90B0-BFD04CC34C54}.Debug|Any CPU.Build.0 = Debug|Any CPU
		{4B4838E3-FFC4-4C77-90B0-BFD04CC34C54}.Debug|x64.ActiveCfg = Debug|Any CPU
		{4B4838E3-FFC4-4C77-90B0-BFD04CC34C54}.Debug|x64.Build.0 = Debug|Any CPU
		{4B4838E3-FFC4-4C77-90B0-BFD04CC34C54}.Debug|x86.ActiveCfg = Debug|Any CPU
		{4B4838E3-FFC4-4C77-90B0-BFD04CC34C54}.Debug|x86.Build.0 = Debug|Any CPU
		{4B4838E3-FFC4-4C77-90B0-BFD04CC34C54}.Release|Any CPU.ActiveCfg = Release|Any CPU
		{4B4838E3-FFC4-4C77-90B0-BFD04CC34C54}.Release|Any CPU.Build.0 = Release|Any CPU
		{4B4838E3-FFC4-4C77-90B0-BFD04CC34C54}.Release|x64.ActiveCfg = Release|Any CPU
		{4B4838E3-FFC4-4C77-90B0-BFD04CC34C54}.Release|x64.Build.0 = Release|Any CPU
		{4B4838E3-FFC4-4C77-90B0-BFD04CC34C54}.Release|x86.ActiveCfg = Release|Any CPU
		{4B4838E3-FFC4-4C77-90B0-BFD04CC34C54}.Release|x86.Build.0 = Release|Any CPU
		{8C60ACF4-D439-44C1-954C-8692283F6943}.Debug|Any CPU.ActiveCfg = Debug|Any CPU
		{8C60ACF4-D439-44C1-954C-8692283F6943}.Debug|Any CPU.Build.0 = Debug|Any CPU
		{8C60ACF4-D439-44C1-954C-8692283F6943}.Debug|x64.ActiveCfg = Debug|Any CPU
		{8C60ACF4-D439-44C1-954C-8692283F6943}.Debug|x64.Build.0 = Debug|Any CPU
		{8C60ACF4-D439-44C1-954C-8692283F6943}.Debug|x86.ActiveCfg = Debug|Any CPU
		{8C60ACF4-D439-44C1-954C-8692283F6943}.Debug|x86.Build.0 = Debug|Any CPU
		{8C60ACF4-D439-44C1-954C-8692283F6943}.Release|Any CPU.ActiveCfg = Release|Any CPU
		{8C60ACF4-D439-44C1-954C-8692283F6943}.Release|Any CPU.Build.0 = Release|Any CPU
		{8C60ACF4-D439-44C1-954C-8692283F6943}.Release|x64.ActiveCfg = Release|Any CPU
		{8C60ACF4-D439-44C1-954C-8692283F6943}.Release|x64.Build.0 = Release|Any CPU
		{8C60ACF4-D439-44C1-954C-8692283F6943}.Release|x86.ActiveCfg = Release|Any CPU
		{8C60ACF4-D439-44C1-954C-8692283F6943}.Release|x86.Build.0 = Release|Any CPU
		{BF4830FB-CFDB-44E9-8BBA-772621A0115A}.Debug|Any CPU.ActiveCfg = Debug|Any CPU
		{BF4830FB-CFDB-44E9-8BBA-772621A0115A}.Debug|Any CPU.Build.0 = Debug|Any CPU
		{BF4830FB-CFDB-44E9-8BBA-772621A0115A}.Debug|x64.ActiveCfg = Debug|Any CPU
		{BF4830FB-CFDB-44E9-8BBA-772621A0115A}.Debug|x64.Build.0 = Debug|Any CPU
		{BF4830FB-CFDB-44E9-8BBA-772621A0115A}.Debug|x86.ActiveCfg = Debug|Any CPU
		{BF4830FB-CFDB-44E9-8BBA-772621A0115A}.Debug|x86.Build.0 = Debug|Any CPU
		{BF4830FB-CFDB-44E9-8BBA-772621A0115A}.Release|Any CPU.ActiveCfg = Release|Any CPU
		{BF4830FB-CFDB-44E9-8BBA-772621A0115A}.Release|Any CPU.Build.0 = Release|Any CPU
		{BF4830FB-CFDB-44E9-8BBA-772621A0115A}.Release|x64.ActiveCfg = Release|Any CPU
		{BF4830FB-CFDB-44E9-8BBA-772621A0115A}.Release|x64.Build.0 = Release|Any CPU
		{BF4830FB-CFDB-44E9-8BBA-772621A0115A}.Release|x86.ActiveCfg = Release|Any CPU
		{BF4830FB-CFDB-44E9-8BBA-772621A0115A}.Release|x86.Build.0 = Release|Any CPU
		{05A858F9-DBBC-4203-A8BC-FFEE25A5792F}.Debug|Any CPU.ActiveCfg = Debug|Any CPU
		{05A858F9-DBBC-4203-A8BC-FFEE25A5792F}.Debug|Any CPU.Build.0 = Debug|Any CPU
		{05A858F9-DBBC-4203-A8BC-FFEE25A5792F}.Debug|x64.ActiveCfg = Debug|Any CPU
		{05A858F9-DBBC-4203-A8BC-FFEE25A5792F}.Debug|x64.Build.0 = Debug|Any CPU
		{05A858F9-DBBC-4203-A8BC-FFEE25A5792F}.Debug|x86.ActiveCfg = Debug|Any CPU
		{05A858F9-DBBC-4203-A8BC-FFEE25A5792F}.Debug|x86.Build.0 = Debug|Any CPU
		{05A858F9-DBBC-4203-A8BC-FFEE25A5792F}.Release|Any CPU.ActiveCfg = Release|Any CPU
		{05A858F9-DBBC-4203-A8BC-FFEE25A5792F}.Release|Any CPU.Build.0 = Release|Any CPU
		{05A858F9-DBBC-4203-A8BC-FFEE25A5792F}.Release|x64.ActiveCfg = Release|Any CPU
		{05A858F9-DBBC-4203-A8BC-FFEE25A5792F}.Release|x64.Build.0 = Release|Any CPU
		{05A858F9-DBBC-4203-A8BC-FFEE25A5792F}.Release|x86.ActiveCfg = Release|Any CPU
		{05A858F9-DBBC-4203-A8BC-FFEE25A5792F}.Release|x86.Build.0 = Release|Any CPU
		{F4D292FB-CB54-428A-9302-08150329A76E}.Debug|Any CPU.ActiveCfg = Debug|Any CPU
		{F4D292FB-CB54-428A-9302-08150329A76E}.Debug|Any CPU.Build.0 = Debug|Any CPU
		{F4D292FB-CB54-428A-9302-08150329A76E}.Debug|x64.ActiveCfg = Debug|Any CPU
		{F4D292FB-CB54-428A-9302-08150329A76E}.Debug|x64.Build.0 = Debug|Any CPU
		{F4D292FB-CB54-428A-9302-08150329A76E}.Debug|x86.ActiveCfg = Debug|Any CPU
		{F4D292FB-CB54-428A-9302-08150329A76E}.Debug|x86.Build.0 = Debug|Any CPU
		{F4D292FB-CB54-428A-9302-08150329A76E}.Release|Any CPU.ActiveCfg = Release|Any CPU
		{F4D292FB-CB54-428A-9302-08150329A76E}.Release|Any CPU.Build.0 = Release|Any CPU
		{F4D292FB-CB54-428A-9302-08150329A76E}.Release|x64.ActiveCfg = Release|Any CPU
		{F4D292FB-CB54-428A-9302-08150329A76E}.Release|x64.Build.0 = Release|Any CPU
		{F4D292FB-CB54-428A-9302-08150329A76E}.Release|x86.ActiveCfg = Release|Any CPU
		{F4D292FB-CB54-428A-9302-08150329A76E}.Release|x86.Build.0 = Release|Any CPU
		{2F6283EF-4761-4BE3-B145-0F2B4188AF95}.Debug|Any CPU.ActiveCfg = Debug|Any CPU
		{2F6283EF-4761-4BE3-B145-0F2B4188AF95}.Debug|Any CPU.Build.0 = Debug|Any CPU
		{2F6283EF-4761-4BE3-B145-0F2B4188AF95}.Debug|x64.ActiveCfg = Debug|Any CPU
		{2F6283EF-4761-4BE3-B145-0F2B4188AF95}.Debug|x64.Build.0 = Debug|Any CPU
		{2F6283EF-4761-4BE3-B145-0F2B4188AF95}.Debug|x86.ActiveCfg = Debug|Any CPU
		{2F6283EF-4761-4BE3-B145-0F2B4188AF95}.Debug|x86.Build.0 = Debug|Any CPU
		{2F6283EF-4761-4BE3-B145-0F2B4188AF95}.Release|Any CPU.ActiveCfg = Release|Any CPU
		{2F6283EF-4761-4BE3-B145-0F2B4188AF95}.Release|Any CPU.Build.0 = Release|Any CPU
		{2F6283EF-4761-4BE3-B145-0F2B4188AF95}.Release|x64.ActiveCfg = Release|Any CPU
		{2F6283EF-4761-4BE3-B145-0F2B4188AF95}.Release|x64.Build.0 = Release|Any CPU
		{2F6283EF-4761-4BE3-B145-0F2B4188AF95}.Release|x86.ActiveCfg = Release|Any CPU
		{2F6283EF-4761-4BE3-B145-0F2B4188AF95}.Release|x86.Build.0 = Release|Any CPU
		{D8F19233-1C2C-4DDD-9387-2E207249BFB0}.Debug|Any CPU.ActiveCfg = Debug|Any CPU
		{D8F19233-1C2C-4DDD-9387-2E207249BFB0}.Debug|Any CPU.Build.0 = Debug|Any CPU
		{D8F19233-1C2C-4DDD-9387-2E207249BFB0}.Debug|x64.ActiveCfg = Debug|Any CPU
		{D8F19233-1C2C-4DDD-9387-2E207249BFB0}.Debug|x64.Build.0 = Debug|Any CPU
		{D8F19233-1C2C-4DDD-9387-2E207249BFB0}.Debug|x86.ActiveCfg = Debug|Any CPU
		{D8F19233-1C2C-4DDD-9387-2E207249BFB0}.Debug|x86.Build.0 = Debug|Any CPU
		{D8F19233-1C2C-4DDD-9387-2E207249BFB0}.Release|Any CPU.ActiveCfg = Release|Any CPU
		{D8F19233-1C2C-4DDD-9387-2E207249BFB0}.Release|Any CPU.Build.0 = Release|Any CPU
		{D8F19233-1C2C-4DDD-9387-2E207249BFB0}.Release|x64.ActiveCfg = Release|Any CPU
		{D8F19233-1C2C-4DDD-9387-2E207249BFB0}.Release|x64.Build.0 = Release|Any CPU
		{D8F19233-1C2C-4DDD-9387-2E207249BFB0}.Release|x86.ActiveCfg = Release|Any CPU
		{D8F19233-1C2C-4DDD-9387-2E207249BFB0}.Release|x86.Build.0 = Release|Any CPU
		{395DC94E-8349-4072-B8A4-49C3B81912A5}.Debug|Any CPU.ActiveCfg = Debug|Any CPU
		{395DC94E-8349-4072-B8A4-49C3B81912A5}.Debug|Any CPU.Build.0 = Debug|Any CPU
		{395DC94E-8349-4072-B8A4-49C3B81912A5}.Debug|x64.ActiveCfg = Debug|Any CPU
		{395DC94E-8349-4072-B8A4-49C3B81912A5}.Debug|x64.Build.0 = Debug|Any CPU
		{395DC94E-8349-4072-B8A4-49C3B81912A5}.Debug|x86.ActiveCfg = Debug|Any CPU
		{395DC94E-8349-4072-B8A4-49C3B81912A5}.Debug|x86.Build.0 = Debug|Any CPU
		{395DC94E-8349-4072-B8A4-49C3B81912A5}.Release|Any CPU.ActiveCfg = Release|Any CPU
		{395DC94E-8349-4072-B8A4-49C3B81912A5}.Release|Any CPU.Build.0 = Release|Any CPU
		{395DC94E-8349-4072-B8A4-49C3B81912A5}.Release|x64.ActiveCfg = Release|Any CPU
		{395DC94E-8349-4072-B8A4-49C3B81912A5}.Release|x64.Build.0 = Release|Any CPU
		{395DC94E-8349-4072-B8A4-49C3B81912A5}.Release|x86.ActiveCfg = Release|Any CPU
		{395DC94E-8349-4072-B8A4-49C3B81912A5}.Release|x86.Build.0 = Release|Any CPU
		{2FE6746B-7AFB-496C-A379-FA4C339E17EF}.Debug|Any CPU.ActiveCfg = Debug|Any CPU
		{2FE6746B-7AFB-496C-A379-FA4C339E17EF}.Debug|Any CPU.Build.0 = Debug|Any CPU
		{2FE6746B-7AFB-496C-A379-FA4C339E17EF}.Debug|x64.ActiveCfg = Debug|Any CPU
		{2FE6746B-7AFB-496C-A379-FA4C339E17EF}.Debug|x64.Build.0 = Debug|Any CPU
		{2FE6746B-7AFB-496C-A379-FA4C339E17EF}.Debug|x86.ActiveCfg = Debug|Any CPU
		{2FE6746B-7AFB-496C-A379-FA4C339E17EF}.Debug|x86.Build.0 = Debug|Any CPU
		{2FE6746B-7AFB-496C-A379-FA4C339E17EF}.Release|Any CPU.ActiveCfg = Release|Any CPU
		{2FE6746B-7AFB-496C-A379-FA4C339E17EF}.Release|Any CPU.Build.0 = Release|Any CPU
		{2FE6746B-7AFB-496C-A379-FA4C339E17EF}.Release|x64.ActiveCfg = Release|Any CPU
		{2FE6746B-7AFB-496C-A379-FA4C339E17EF}.Release|x64.Build.0 = Release|Any CPU
		{2FE6746B-7AFB-496C-A379-FA4C339E17EF}.Release|x86.ActiveCfg = Release|Any CPU
		{2FE6746B-7AFB-496C-A379-FA4C339E17EF}.Release|x86.Build.0 = Release|Any CPU
		{C05F3858-A2FD-4C87-B70A-FA5F903D9EFF}.Debug|Any CPU.ActiveCfg = Debug|Any CPU
		{C05F3858-A2FD-4C87-B70A-FA5F903D9EFF}.Debug|Any CPU.Build.0 = Debug|Any CPU
		{C05F3858-A2FD-4C87-B70A-FA5F903D9EFF}.Debug|x64.ActiveCfg = Debug|Any CPU
		{C05F3858-A2FD-4C87-B70A-FA5F903D9EFF}.Debug|x64.Build.0 = Debug|Any CPU
		{C05F3858-A2FD-4C87-B70A-FA5F903D9EFF}.Debug|x86.ActiveCfg = Debug|Any CPU
		{C05F3858-A2FD-4C87-B70A-FA5F903D9EFF}.Debug|x86.Build.0 = Debug|Any CPU
		{C05F3858-A2FD-4C87-B70A-FA5F903D9EFF}.Release|Any CPU.ActiveCfg = Release|Any CPU
		{C05F3858-A2FD-4C87-B70A-FA5F903D9EFF}.Release|Any CPU.Build.0 = Release|Any CPU
		{C05F3858-A2FD-4C87-B70A-FA5F903D9EFF}.Release|x64.ActiveCfg = Release|Any CPU
		{C05F3858-A2FD-4C87-B70A-FA5F903D9EFF}.Release|x64.Build.0 = Release|Any CPU
		{C05F3858-A2FD-4C87-B70A-FA5F903D9EFF}.Release|x86.ActiveCfg = Release|Any CPU
		{C05F3858-A2FD-4C87-B70A-FA5F903D9EFF}.Release|x86.Build.0 = Release|Any CPU
		{A461DF17-35D3-4CBB-A489-185AA2F32C2E}.Debug|Any CPU.ActiveCfg = Debug|Any CPU
		{A461DF17-35D3-4CBB-A489-185AA2F32C2E}.Debug|Any CPU.Build.0 = Debug|Any CPU
		{A461DF17-35D3-4CBB-A489-185AA2F32C2E}.Debug|x64.ActiveCfg = Debug|Any CPU
		{A461DF17-35D3-4CBB-A489-185AA2F32C2E}.Debug|x64.Build.0 = Debug|Any CPU
		{A461DF17-35D3-4CBB-A489-185AA2F32C2E}.Debug|x86.ActiveCfg = Debug|Any CPU
		{A461DF17-35D3-4CBB-A489-185AA2F32C2E}.Debug|x86.Build.0 = Debug|Any CPU
		{A461DF17-35D3-4CBB-A489-185AA2F32C2E}.Release|Any CPU.ActiveCfg = Release|Any CPU
		{A461DF17-35D3-4CBB-A489-185AA2F32C2E}.Release|Any CPU.Build.0 = Release|Any CPU
		{A461DF17-35D3-4CBB-A489-185AA2F32C2E}.Release|x64.ActiveCfg = Release|Any CPU
		{A461DF17-35D3-4CBB-A489-185AA2F32C2E}.Release|x64.Build.0 = Release|Any CPU
		{A461DF17-35D3-4CBB-A489-185AA2F32C2E}.Release|x86.ActiveCfg = Release|Any CPU
		{A461DF17-35D3-4CBB-A489-185AA2F32C2E}.Release|x86.Build.0 = Release|Any CPU
		{27CA6879-3B31-4383-8E53-BEE210FBC4D2}.Debug|Any CPU.ActiveCfg = Debug|Any CPU
		{27CA6879-3B31-4383-8E53-BEE210FBC4D2}.Debug|Any CPU.Build.0 = Debug|Any CPU
		{27CA6879-3B31-4383-8E53-BEE210FBC4D2}.Debug|x64.ActiveCfg = Debug|Any CPU
		{27CA6879-3B31-4383-8E53-BEE210FBC4D2}.Debug|x64.Build.0 = Debug|Any CPU
		{27CA6879-3B31-4383-8E53-BEE210FBC4D2}.Debug|x86.ActiveCfg = Debug|Any CPU
		{27CA6879-3B31-4383-8E53-BEE210FBC4D2}.Debug|x86.Build.0 = Debug|Any CPU
		{27CA6879-3B31-4383-8E53-BEE210FBC4D2}.Release|Any CPU.ActiveCfg = Release|Any CPU
		{27CA6879-3B31-4383-8E53-BEE210FBC4D2}.Release|Any CPU.Build.0 = Release|Any CPU
		{27CA6879-3B31-4383-8E53-BEE210FBC4D2}.Release|x64.ActiveCfg = Release|Any CPU
		{27CA6879-3B31-4383-8E53-BEE210FBC4D2}.Release|x64.Build.0 = Release|Any CPU
		{27CA6879-3B31-4383-8E53-BEE210FBC4D2}.Release|x86.ActiveCfg = Release|Any CPU
		{27CA6879-3B31-4383-8E53-BEE210FBC4D2}.Release|x86.Build.0 = Release|Any CPU
		{E95F7DE5-32ED-42EA-9DEF-7E9CC9354075}.Debug|Any CPU.ActiveCfg = Debug|Any CPU
		{E95F7DE5-32ED-42EA-9DEF-7E9CC9354075}.Debug|Any CPU.Build.0 = Debug|Any CPU
		{E95F7DE5-32ED-42EA-9DEF-7E9CC9354075}.Debug|x64.ActiveCfg = Debug|Any CPU
		{E95F7DE5-32ED-42EA-9DEF-7E9CC9354075}.Debug|x64.Build.0 = Debug|Any CPU
		{E95F7DE5-32ED-42EA-9DEF-7E9CC9354075}.Debug|x86.ActiveCfg = Debug|Any CPU
		{E95F7DE5-32ED-42EA-9DEF-7E9CC9354075}.Debug|x86.Build.0 = Debug|Any CPU
		{E95F7DE5-32ED-42EA-9DEF-7E9CC9354075}.Release|Any CPU.ActiveCfg = Release|Any CPU
		{E95F7DE5-32ED-42EA-9DEF-7E9CC9354075}.Release|Any CPU.Build.0 = Release|Any CPU
		{E95F7DE5-32ED-42EA-9DEF-7E9CC9354075}.Release|x64.ActiveCfg = Release|Any CPU
		{E95F7DE5-32ED-42EA-9DEF-7E9CC9354075}.Release|x64.Build.0 = Release|Any CPU
		{E95F7DE5-32ED-42EA-9DEF-7E9CC9354075}.Release|x86.ActiveCfg = Release|Any CPU
		{E95F7DE5-32ED-42EA-9DEF-7E9CC9354075}.Release|x86.Build.0 = Release|Any CPU
		{C1E5FAA0-2586-434E-9061-C719F20901CD}.Debug|Any CPU.ActiveCfg = Debug|Any CPU
		{C1E5FAA0-2586-434E-9061-C719F20901CD}.Debug|Any CPU.Build.0 = Debug|Any CPU
		{C1E5FAA0-2586-434E-9061-C719F20901CD}.Debug|x64.ActiveCfg = Debug|Any CPU
		{C1E5FAA0-2586-434E-9061-C719F20901CD}.Debug|x64.Build.0 = Debug|Any CPU
		{C1E5FAA0-2586-434E-9061-C719F20901CD}.Debug|x86.ActiveCfg = Debug|Any CPU
		{C1E5FAA0-2586-434E-9061-C719F20901CD}.Debug|x86.Build.0 = Debug|Any CPU
		{C1E5FAA0-2586-434E-9061-C719F20901CD}.Release|Any CPU.ActiveCfg = Release|Any CPU
		{C1E5FAA0-2586-434E-9061-C719F20901CD}.Release|Any CPU.Build.0 = Release|Any CPU
		{C1E5FAA0-2586-434E-9061-C719F20901CD}.Release|x64.ActiveCfg = Release|Any CPU
		{C1E5FAA0-2586-434E-9061-C719F20901CD}.Release|x64.Build.0 = Release|Any CPU
		{C1E5FAA0-2586-434E-9061-C719F20901CD}.Release|x86.ActiveCfg = Release|Any CPU
		{C1E5FAA0-2586-434E-9061-C719F20901CD}.Release|x86.Build.0 = Release|Any CPU
	EndGlobalSection
	GlobalSection(SolutionProperties) = preSolution
		HideSolutionNode = FALSE
	EndGlobalSection
	GlobalSection(ExtensibilityGlobals) = postSolution
		SolutionGuid = {1C93A702-E3AF-40CF-88C2-9BF7E95B90FF}
	EndGlobalSection
EndGlobal
